
Microsoft Visual Studio Solution File, Format Version 12.00
# Visual Studio Version 16
VisualStudioVersion = 16.0.31129.286
MinimumVisualStudioVersion = 10.0.40219.1
Project("{FAE04EC0-301F-11D3-BF4B-00C04F79EFBC}") = "HappyPaws.Android", "HappyPaws\HappyPaws.Android\HappyPaws.Android.csproj", "{D78AFEB4-9E6B-4D2D-B395-658D9038CA29}"
EndProject
Project("{9A19103F-16F7-4668-BE54-9A1E7A4F7556}") = "HappyPaws", "HappyPaws\HappyPaws\HappyPaws.csproj", "{B672E56D-0055-48B9-A6F6-195705AC302C}"
EndProject
Project("{FAE04EC0-301F-11D3-BF4B-00C04F79EFBC}") = "HappyPawsTests", "HappyPawsTests\HappyPawsTests.csproj", "{9D540C71-59FA-43F8-AEF3-B1CBC2FA524A}"
EndProject
Global
	GlobalSection(SolutionConfigurationPlatforms) = preSolution
		Debug|Any CPU = Debug|Any CPU
		Release|Any CPU = Release|Any CPU
	EndGlobalSection
	GlobalSection(ProjectConfigurationPlatforms) = postSolution
		{D78AFEB4-9E6B-4D2D-B395-658D9038CA29}.Debug|Any CPU.ActiveCfg = Debug|Any CPU
		{D78AFEB4-9E6B-4D2D-B395-658D9038CA29}.Debug|Any CPU.Build.0 = Debug|Any CPU
		{D78AFEB4-9E6B-4D2D-B395-658D9038CA29}.Debug|Any CPU.Deploy.0 = Debug|Any CPU
		{D78AFEB4-9E6B-4D2D-B395-658D9038CA29}.Release|Any CPU.ActiveCfg = Release|Any CPU
		{D78AFEB4-9E6B-4D2D-B395-658D9038CA29}.Release|Any CPU.Build.0 = Release|Any CPU
		{D78AFEB4-9E6B-4D2D-B395-658D9038CA29}.Release|Any CPU.Deploy.0 = Release|Any CPU
		{B672E56D-0055-48B9-A6F6-195705AC302C}.Debug|Any CPU.ActiveCfg = Debug|Any CPU
		{B672E56D-0055-48B9-A6F6-195705AC302C}.Debug|Any CPU.Build.0 = Debug|Any CPU
		{B672E56D-0055-48B9-A6F6-195705AC302C}.Debug|Any CPU.Deploy.0 = Debug|Any CPU
		{B672E56D-0055-48B9-A6F6-195705AC302C}.Release|Any CPU.ActiveCfg = Release|Any CPU
		{B672E56D-0055-48B9-A6F6-195705AC302C}.Release|Any CPU.Build.0 = Release|Any CPU
		{B672E56D-0055-48B9-A6F6-195705AC302C}.Release|Any CPU.Deploy.0 = Release|Any CPU
		{9D540C71-59FA-43F8-AEF3-B1CBC2FA524A}.Debug|Any CPU.ActiveCfg = Debug|Any CPU
		{9D540C71-59FA-43F8-AEF3-B1CBC2FA524A}.Debug|Any CPU.Build.0 = Debug|Any CPU
		{9D540C71-59FA-43F8-AEF3-B1CBC2FA524A}.Release|Any CPU.ActiveCfg = Release|Any CPU
		{9D540C71-59FA-43F8-AEF3-B1CBC2FA524A}.Release|Any CPU.Build.0 = Release|Any CPU
	EndGlobalSection
	GlobalSection(SolutionProperties) = preSolution
		HideSolutionNode = FALSE
	EndGlobalSection
	GlobalSection(ExtensibilityGlobals) = postSolution
		SolutionGuid = {F4E8B539-AD7F-4B80-AEC5-3CEA2D1BE709}
	EndGlobalSection
EndGlobal
